
Microsoft Visual Studio Solution File, Format Version 12.00
# Visual Studio 2013
VisualStudioVersion = 12.0.21005.1
MinimumVisualStudioVersion = 10.0.40219.1
Project("{FAE04EC0-301F-11D3-BF4B-00C04F79EFBC}") = "FootballManagement.Client", "FootballManagement.Client\FootballManagement.Client.csproj", "{A1CB29E5-32AF-480A-8CE3-077A4BA8BCB8}"
	ProjectSection(ProjectDependencies) = postProject
		{15B3E0D2-6217-493A-A690-158C497F5318} = {15B3E0D2-6217-493A-A690-158C497F5318}
	EndProjectSection
EndProject
Project("{FAE04EC0-301F-11D3-BF4B-00C04F79EFBC}") = "FootballManagement.Data", "FootballManagement.Data\FootballManagement.Data.csproj", "{17090009-04F7-45C7-A175-409944642278}"
EndProject
Project("{FAE04EC0-301F-11D3-BF4B-00C04F79EFBC}") = "FootballManagement.Business", "FootballManagement.Business\FootballManagement.Business.csproj", "{D91DF248-43F8-465F-8E71-B0CA8D758130}"
EndProject
Project("{FAE04EC0-301F-11D3-BF4B-00C04F79EFBC}") = "FootballManagement.UnitTest", "FootballManagement.UnitTest\FootballManagement.UnitTest.csproj", "{B2A5CA99-C21F-44C8-9F53-9FAA0F405B48}"
EndProject
Project("{FAE04EC0-301F-11D3-BF4B-00C04F79EFBC}") = "FootballManagement.Service", "FootballManagement.Service\FootballManagement.Service.csproj", "{15B3E0D2-6217-493A-A690-158C497F5318}"
EndProject
Project("{FAE04EC0-301F-11D3-BF4B-00C04F79EFBC}") = "FootballManagement.Commons", "FootballManagement.Commons\FootballManagement.Commons.csproj", "{6C555CEA-5EC4-408D-9EBB-E7EA6752AD86}"
EndProject
Project("{2150E333-8FDC-42A3-9474-1A3956D46DE8}") = ".nuget", ".nuget", "{0410F552-DF2B-4313-A0E6-C53F78D6EF99}"
	ProjectSection(SolutionItems) = preProject
		.nuget\NuGet.Config = .nuget\NuGet.Config
		.nuget\NuGet.exe = .nuget\NuGet.exe
		.nuget\NuGet.targets = .nuget\NuGet.targets
	EndProjectSection
EndProject
Global
	GlobalSection(SolutionConfigurationPlatforms) = preSolution
		Debug|Any CPU = Debug|Any CPU
		Debug|ARM = Debug|ARM
		Debug|x64 = Debug|x64
		Debug|x86 = Debug|x86
		Release|Any CPU = Release|Any CPU
		Release|ARM = Release|ARM
		Release|x64 = Release|x64
		Release|x86 = Release|x86
	EndGlobalSection
	GlobalSection(ProjectConfigurationPlatforms) = postSolution
		{A1CB29E5-32AF-480A-8CE3-077A4BA8BCB8}.Debug|Any CPU.ActiveCfg = Debug|Any CPU
		{A1CB29E5-32AF-480A-8CE3-077A4BA8BCB8}.Debug|Any CPU.Build.0 = Debug|Any CPU
		{A1CB29E5-32AF-480A-8CE3-077A4BA8BCB8}.Debug|Any CPU.Deploy.0 = Debug|Any CPU
		{A1CB29E5-32AF-480A-8CE3-077A4BA8BCB8}.Debug|ARM.ActiveCfg = Debug|ARM
		{A1CB29E5-32AF-480A-8CE3-077A4BA8BCB8}.Debug|ARM.Build.0 = Debug|ARM
		{A1CB29E5-32AF-480A-8CE3-077A4BA8BCB8}.Debug|ARM.Deploy.0 = Debug|ARM
		{A1CB29E5-32AF-480A-8CE3-077A4BA8BCB8}.Debug|x64.ActiveCfg = Debug|x64
		{A1CB29E5-32AF-480A-8CE3-077A4BA8BCB8}.Debug|x64.Build.0 = Debug|x64
		{A1CB29E5-32AF-480A-8CE3-077A4BA8BCB8}.Debug|x64.Deploy.0 = Debug|x64
		{A1CB29E5-32AF-480A-8CE3-077A4BA8BCB8}.Debug|x86.ActiveCfg = Debug|x86
		{A1CB29E5-32AF-480A-8CE3-077A4BA8BCB8}.Debug|x86.Build.0 = Debug|x86
		{A1CB29E5-32AF-480A-8CE3-077A4BA8BCB8}.Debug|x86.Deploy.0 = Debug|x86
		{A1CB29E5-32AF-480A-8CE3-077A4BA8BCB8}.Release|Any CPU.ActiveCfg = Release|Any CPU
		{A1CB29E5-32AF-480A-8CE3-077A4BA8BCB8}.Release|Any CPU.Build.0 = Release|Any CPU
		{A1CB29E5-32AF-480A-8CE3-077A4BA8BCB8}.Release|Any CPU.Deploy.0 = Release|Any CPU
		{A1CB29E5-32AF-480A-8CE3-077A4BA8BCB8}.Release|ARM.ActiveCfg = Release|ARM
		{A1CB29E5-32AF-480A-8CE3-077A4BA8BCB8}.Release|ARM.Build.0 = Release|ARM
		{A1CB29E5-32AF-480A-8CE3-077A4BA8BCB8}.Release|ARM.Deploy.0 = Release|ARM
		{A1CB29E5-32AF-480A-8CE3-077A4BA8BCB8}.Release|x64.ActiveCfg = Release|x64
		{A1CB29E5-32AF-480A-8CE3-077A4BA8BCB8}.Release|x64.Build.0 = Release|x64
		{A1CB29E5-32AF-480A-8CE3-077A4BA8BCB8}.Release|x64.Deploy.0 = Release|x64
		{A1CB29E5-32AF-480A-8CE3-077A4BA8BCB8}.Release|x86.ActiveCfg = Release|x86
		{A1CB29E5-32AF-480A-8CE3-077A4BA8BCB8}.Release|x86.Build.0 = Release|x86
		{A1CB29E5-32AF-480A-8CE3-077A4BA8BCB8}.Release|x86.Deploy.0 = Release|x86
		{17090009-04F7-45C7-A175-409944642278}.Debug|Any CPU.ActiveCfg = Debug|Any CPU
		{17090009-04F7-45C7-A175-409944642278}.Debug|Any CPU.Build.0 = Debug|Any CPU
		{17090009-04F7-45C7-A175-409944642278}.Debug|ARM.ActiveCfg = Debug|Any CPU
		{17090009-04F7-45C7-A175-409944642278}.Debug|x64.ActiveCfg = Debug|Any CPU
		{17090009-04F7-45C7-A175-409944642278}.Debug|x86.ActiveCfg = Debug|Any CPU
		{17090009-04F7-45C7-A175-409944642278}.Release|Any CPU.ActiveCfg = Release|Any CPU
		{17090009-04F7-45C7-A175-409944642278}.Release|Any CPU.Build.0 = Release|Any CPU
		{17090009-04F7-45C7-A175-409944642278}.Release|ARM.ActiveCfg = Release|Any CPU
		{17090009-04F7-45C7-A175-409944642278}.Release|x64.ActiveCfg = Release|Any CPU
		{17090009-04F7-45C7-A175-409944642278}.Release|x86.ActiveCfg = Release|Any CPU
		{D91DF248-43F8-465F-8E71-B0CA8D758130}.Debug|Any CPU.ActiveCfg = Debug|Any CPU
		{D91DF248-43F8-465F-8E71-B0CA8D758130}.Debug|Any CPU.Build.0 = Debug|Any CPU
		{D91DF248-43F8-465F-8E71-B0CA8D758130}.Debug|ARM.ActiveCfg = Debug|Any CPU
		{D91DF248-43F8-465F-8E71-B0CA8D758130}.Debug|x64.ActiveCfg = Debug|Any CPU
		{D91DF248-43F8-465F-8E71-B0CA8D758130}.Debug|x86.ActiveCfg = Debug|Any CPU
		{D91DF248-43F8-465F-8E71-B0CA8D758130}.Release|Any CPU.ActiveCfg = Release|Any CPU
		{D91DF248-43F8-465F-8E71-B0CA8D758130}.Release|Any CPU.Build.0 = Release|Any CPU
		{D91DF248-43F8-465F-8E71-B0CA8D758130}.Release|ARM.ActiveCfg = Release|Any CPU
		{D91DF248-43F8-465F-8E71-B0CA8D758130}.Release|x64.ActiveCfg = Release|Any CPU
		{D91DF248-43F8-465F-8E71-B0CA8D758130}.Release|x86.ActiveCfg = Release|Any CPU
		{B2A5CA99-C21F-44C8-9F53-9FAA0F405B48}.Debug|Any CPU.ActiveCfg = Debug|Any CPU
		{B2A5CA99-C21F-44C8-9F53-9FAA0F405B48}.Debug|Any CPU.Build.0 = Debug|Any CPU
		{B2A5CA99-C21F-44C8-9F53-9FAA0F405B48}.Debug|ARM.ActiveCfg = Debug|Any CPU
		{B2A5CA99-C21F-44C8-9F53-9FAA0F405B48}.Debug|x64.ActiveCfg = Debug|Any CPU
		{B2A5CA99-C21F-44C8-9F53-9FAA0F405B48}.Debug|x86.ActiveCfg = Debug|Any CPU
		{B2A5CA99-C21F-44C8-9F53-9FAA0F405B48}.Release|Any CPU.ActiveCfg = Release|Any CPU
		{B2A5CA99-C21F-44C8-9F53-9FAA0F405B48}.Release|Any CPU.Build.0 = Release|Any CPU
		{B2A5CA99-C21F-44C8-9F53-9FAA0F405B48}.Release|ARM.ActiveCfg = Release|Any CPU
		{B2A5CA99-C21F-44C8-9F53-9FAA0F405B48}.Release|x64.ActiveCfg = Release|Any CPU
		{B2A5CA99-C21F-44C8-9F53-9FAA0F405B48}.Release|x86.ActiveCfg = Release|Any CPU
		{15B3E0D2-6217-493A-A690-158C497F5318}.Debug|Any CPU.ActiveCfg = Debug|Any CPU
		{15B3E0D2-6217-493A-A690-158C497F5318}.Debug|Any CPU.Build.0 = Debug|Any CPU
		{15B3E0D2-6217-493A-A690-158C497F5318}.Debug|ARM.ActiveCfg = Debug|Any CPU
		{15B3E0D2-6217-493A-A690-158C497F5318}.Debug|x64.ActiveCfg = Debug|Any CPU
		{15B3E0D2-6217-493A-A690-158C497F5318}.Debug|x86.ActiveCfg = Debug|Any CPU
		{15B3E0D2-6217-493A-A690-158C497F5318}.Release|Any CPU.ActiveCfg = Release|Any CPU
		{15B3E0D2-6217-493A-A690-158C497F5318}.Release|Any CPU.Build.0 = Release|Any CPU
		{15B3E0D2-6217-493A-A690-158C497F5318}.Release|ARM.ActiveCfg = Release|Any CPU
		{15B3E0D2-6217-493A-A690-158C497F5318}.Release|x64.ActiveCfg = Release|Any CPU
		{15B3E0D2-6217-493A-A690-158C497F5318}.Release|x86.ActiveCfg = Release|Any CPU
		{6C555CEA-5EC4-408D-9EBB-E7EA6752AD86}.Debug|Any CPU.ActiveCfg = Debug|Any CPU
		{6C555CEA-5EC4-408D-9EBB-E7EA6752AD86}.Debug|Any CPU.Build.0 = Debug|Any CPU
		{6C555CEA-5EC4-408D-9EBB-E7EA6752AD86}.Debug|ARM.ActiveCfg = Debug|Any CPU
		{6C555CEA-5EC4-408D-9EBB-E7EA6752AD86}.Debug|x64.ActiveCfg = Debug|Any CPU
		{6C555CEA-5EC4-408D-9EBB-E7EA6752AD86}.Debug|x86.ActiveCfg = Debug|Any CPU
		{6C555CEA-5EC4-408D-9EBB-E7EA6752AD86}.Release|Any CPU.ActiveCfg = Release|Any CPU
		{6C555CEA-5EC4-408D-9EBB-E7EA6752AD86}.Release|Any CPU.Build.0 = Release|Any CPU
		{6C555CEA-5EC4-408D-9EBB-E7EA6752AD86}.Release|ARM.ActiveCfg = Release|Any CPU
		{6C555CEA-5EC4-408D-9EBB-E7EA6752AD86}.Release|x64.ActiveCfg = Release|Any CPU
		{6C555CEA-5EC4-408D-9EBB-E7EA6752AD86}.Release|x86.ActiveCfg = Release|Any CPU
	EndGlobalSection
	GlobalSection(SolutionProperties) = preSolution
		HideSolutionNode = FALSE
	EndGlobalSection
EndGlobal
